{
    "_readme": [
        "This file locks the dependencies of your project to a known state",
        "Read more about it at https://getcomposer.org/doc/01-basic-usage.md#installing-dependencies",
        "This file is @generated automatically"
    ],
    "content-hash": "6988175bfaabf6bc250be59369a063d1",
    "packages": [
        {
            "name": "aristath/kirki",
            "version": "v3.1.1",
            "source": {
                "type": "git",
                "url": "https://github.com/aristath/kirki.git",
                "reference": "1aeb0bd106d85b6a0e0c73b2a13b7c43dfce58b6"
            },
            "dist": {
                "type": "zip",
                "url": "https://api.github.com/repos/aristath/kirki/zipball/1aeb0bd106d85b6a0e0c73b2a13b7c43dfce58b6",
                "reference": "1aeb0bd106d85b6a0e0c73b2a13b7c43dfce58b6",
                "shasum": ""
            },
            "require": {
                "php": ">=5.2"
            },
            "require-dev": {
                "codacy/coverage": "dev-master",
                "composer/installers": "*",
                "dealerdirect/phpcodesniffer-composer-installer": "*",
                "php-coveralls/php-coveralls": "^2.0",
                "phpcompatibility/phpcompatibility-wp": "*",
                "phpunit/phpunit": "*",
                "wp-coding-standards/wpcs": "*"
            },
            "type": "library",
            "notification-url": "https://packagist.org/downloads/",
            "include-path": [
                ".",
                "core"
            ],
            "license": [
                "MIT"
            ],
            "authors": [
                {
                    "name": "aristath",
                    "email": "aristath@gmail.com",
                    "homepage": "https://aristath.github.io",
                    "role": "Developer"
                }
            ],
            "description": "Extending the WordPress customizer",
            "homepage": "https://kirki.org",
            "keywords": [
                "customizer",
                "wordpress"
            ],
            "time": "2020-04-05T08:23:30+00:00"
        }
    ],
    "packages-dev": [],
    "aliases": [],
    "minimum-stability": "stable",
    "stability-flags": [],
    "prefer-stable": false,
    "prefer-lowest": false,
    "platform": {
        "php": "^7.0"
    },
    "platform-dev": [],
    "platform-overrides": {
        "php": "7.0"
    }
}
